// !$*UTF8*$!
{
	archiveVersion = 1;
	classes = {
	};
	objectVersion = 50;
	objects = {

/* Begin PBXBuildFile section */
		52DA79C0E3A347B915DB8EEB /* Pods_Contacts.framework in Frameworks */ = {isa = PBXBuildFile; fileRef = 7DA715FC105ED13A55ED854D /* Pods_Contacts.framework */; };
		FE17704521D3FB2C00F7F0BE /* DatePickerBulletinItem.swift in Sources */ = {isa = PBXBuildFile; fileRef = FE17704421D3FB2C00F7F0BE /* DatePickerBulletinItem.swift */; };
		FE17704721D3FCFE00F7F0BE /* AddressTextFieldBulletinItem.swift in Sources */ = {isa = PBXBuildFile; fileRef = FE17704621D3FCFE00F7F0BE /* AddressTextFieldBulletinItem.swift */; };
		FE17704B21D4036E00F7F0BE /* PhoneTextFieldBulletinItem.swift in Sources */ = {isa = PBXBuildFile; fileRef = FE17704A21D4036E00F7F0BE /* PhoneTextFieldBulletinItem.swift */; };
		FE17704D21D404B100F7F0BE /* EmailTextFieldBulletinItem.swift in Sources */ = {isa = PBXBuildFile; fileRef = FE17704C21D404B100F7F0BE /* EmailTextFieldBulletinItem.swift */; };
		FE17704F21D48CCF00F7F0BE /* CustomTextField.swift in Sources */ = {isa = PBXBuildFile; fileRef = FE17704E21D48CCF00F7F0BE /* CustomTextField.swift */; };
		FE17705221D55D0400F7F0BE /* SectionHeaderView.swift in Sources */ = {isa = PBXBuildFile; fileRef = FE17705021D55D0400F7F0BE /* SectionHeaderView.swift */; };
		FE17705321D55D0400F7F0BE /* SectionHeaderView.xib in Resources */ = {isa = PBXBuildFile; fileRef = FE17705121D55D0400F7F0BE /* SectionHeaderView.xib */; };
		FE57A5DB21CC4F6000F22572 /* ProfileTypeEnum.swift in Sources */ = {isa = PBXBuildFile; fileRef = FE57A5DA21CC4F6000F22572 /* ProfileTypeEnum.swift */; };
		FE57A5DD21CEE83100F22572 /* CustomButton.swift in Sources */ = {isa = PBXBuildFile; fileRef = FE57A5DC21CEE83000F22572 /* CustomButton.swift */; };
		FE57A5DF21CEE8A000F22572 /* CustomImageView.swift in Sources */ = {isa = PBXBuildFile; fileRef = FE57A5DE21CEE8A000F22572 /* CustomImageView.swift */; };
		FE57A5E121CEEA8B00F22572 /* CustomUIViewTopRounded.swift in Sources */ = {isa = PBXBuildFile; fileRef = FE57A5E021CEEA8B00F22572 /* CustomUIViewTopRounded.swift */; };
		FE925C2021D25F200000D66E /* UIViewExtension.swift in Sources */ = {isa = PBXBuildFile; fileRef = FE925C1F21D25F200000D66E /* UIViewExtension.swift */; };
		FE9E0AED21D0057C00B39060 /* CustomUIView.swift in Sources */ = {isa = PBXBuildFile; fileRef = FE9E0AEC21D0057C00B39060 /* CustomUIView.swift */; };
		FE9E0AEF21D00A4F00B39060 /* GradientView.swift in Sources */ = {isa = PBXBuildFile; fileRef = FE9E0AEE21D00A4F00B39060 /* GradientView.swift */; };
		FE9E0AF121D0230B00B39060 /* AddContactLoader.json in Resources */ = {isa = PBXBuildFile; fileRef = FE9E0AF021D0230B00B39060 /* AddContactLoader.json */; };
		FE9E0AF321D067EC00B39060 /* NoSearches.json in Resources */ = {isa = PBXBuildFile; fileRef = FE9E0AF221D067EC00B39060 /* NoSearches.json */; };
		FEA6A3DD21C9A1F6006410C7 /* AppDelegate.swift in Sources */ = {isa = PBXBuildFile; fileRef = FEA6A3DC21C9A1F6006410C7 /* AppDelegate.swift */; };
		FEA6A3DF21C9A1F6006410C7 /* ContactsVC.swift in Sources */ = {isa = PBXBuildFile; fileRef = FEA6A3DE21C9A1F6006410C7 /* ContactsVC.swift */; };
		FEA6A3E221C9A1F6006410C7 /* Main.storyboard in Resources */ = {isa = PBXBuildFile; fileRef = FEA6A3E021C9A1F6006410C7 /* Main.storyboard */; };
		FEA6A3E521C9A1F6006410C7 /* Contacts.xcdatamodeld in Sources */ = {isa = PBXBuildFile; fileRef = FEA6A3E321C9A1F6006410C7 /* Contacts.xcdatamodeld */; };
		FEA6A3E721C9A1F9006410C7 /* Assets.xcassets in Resources */ = {isa = PBXBuildFile; fileRef = FEA6A3E621C9A1F9006410C7 /* Assets.xcassets */; };
		FEA6A3EA21C9A1F9006410C7 /* LaunchScreen.storyboard in Resources */ = {isa = PBXBuildFile; fileRef = FEA6A3E821C9A1F9006410C7 /* LaunchScreen.storyboard */; };
		FEA6A3F621C9C4BC006410C7 /* ContactsCell.swift in Sources */ = {isa = PBXBuildFile; fileRef = FEA6A3F521C9C4BB006410C7 /* ContactsCell.swift */; };
		FEA6A3F821CA5BE5006410C7 /* ProfileVC.swift in Sources */ = {isa = PBXBuildFile; fileRef = FEA6A3F721CA5BE5006410C7 /* ProfileVC.swift */; };
		FEA6A3FA21CA5F3C006410C7 /* CreateProfileCell.swift in Sources */ = {isa = PBXBuildFile; fileRef = FEA6A3F921CA5F3C006410C7 /* CreateProfileCell.swift */; };
		FEF9882921D11E150095F28A /* SortOrderEnum.swift in Sources */ = {isa = PBXBuildFile; fileRef = FEF9882821D11E150095F28A /* SortOrderEnum.swift */; };
		FEF9882B21D11EB40095F28A /* IsFavoriteEnum.swift in Sources */ = {isa = PBXBuildFile; fileRef = FEF9882A21D11EB40095F28A /* IsFavoriteEnum.swift */; };
		FEF9882D21D1BD9A0095F28A /* Star.json in Resources */ = {isa = PBXBuildFile; fileRef = FEF9882C21D1BD9A0095F28A /* Star.json */; };
/* End PBXBuildFile section */

/* Begin PBXFileReference section */
		31D2E602750EE12B5F71E140 /* Pods-Contacts.release.xcconfig */ = {isa = PBXFileReference; includeInIndex = 1; lastKnownFileType = text.xcconfig; name = "Pods-Contacts.release.xcconfig"; path = "Pods/Target Support Files/Pods-Contacts/Pods-Contacts.release.xcconfig"; sourceTree = "<group>"; };
		7DA715FC105ED13A55ED854D /* Pods_Contacts.framework */ = {isa = PBXFileReference; explicitFileType = wrapper.framework; includeInIndex = 0; path = Pods_Contacts.framework; sourceTree = BUILT_PRODUCTS_DIR; };
		DDCDA387B91B9C6963CD66B5 /* Pods-Contacts.debug.xcconfig */ = {isa = PBXFileReference; includeInIndex = 1; lastKnownFileType = text.xcconfig; name = "Pods-Contacts.debug.xcconfig"; path = "Pods/Target Support Files/Pods-Contacts/Pods-Contacts.debug.xcconfig"; sourceTree = "<group>"; };
		FE17704421D3FB2C00F7F0BE /* DatePickerBulletinItem.swift */ = {isa = PBXFileReference; lastKnownFileType = sourcecode.swift; path = DatePickerBulletinItem.swift; sourceTree = "<group>"; };
		FE17704621D3FCFE00F7F0BE /* AddressTextFieldBulletinItem.swift */ = {isa = PBXFileReference; lastKnownFileType = sourcecode.swift; path = AddressTextFieldBulletinItem.swift; sourceTree = "<group>"; };
		FE17704A21D4036E00F7F0BE /* PhoneTextFieldBulletinItem.swift */ = {isa = PBXFileReference; lastKnownFileType = sourcecode.swift; path = PhoneTextFieldBulletinItem.swift; sourceTree = "<group>"; };
		FE17704C21D404B100F7F0BE /* EmailTextFieldBulletinItem.swift */ = {isa = PBXFileReference; lastKnownFileType = sourcecode.swift; path = EmailTextFieldBulletinItem.swift; sourceTree = "<group>"; };
		FE17704E21D48CCF00F7F0BE /* CustomTextField.swift */ = {isa = PBXFileReference; lastKnownFileType = sourcecode.swift; path = CustomTextField.swift; sourceTree = "<group>"; };
		FE17705021D55D0400F7F0BE /* SectionHeaderView.swift */ = {isa = PBXFileReference; lastKnownFileType = sourcecode.swift; path = SectionHeaderView.swift; sourceTree = "<group>"; };
		FE17705121D55D0400F7F0BE /* SectionHeaderView.xib */ = {isa = PBXFileReference; lastKnownFileType = file.xib; path = SectionHeaderView.xib; sourceTree = "<group>"; };
		FE57A5DA21CC4F6000F22572 /* ProfileTypeEnum.swift */ = {isa = PBXFileReference; lastKnownFileType = sourcecode.swift; path = ProfileTypeEnum.swift; sourceTree = "<group>"; };
		FE57A5DC21CEE83000F22572 /* CustomButton.swift */ = {isa = PBXFileReference; lastKnownFileType = sourcecode.swift; path = CustomButton.swift; sourceTree = "<group>"; };
		FE57A5DE21CEE8A000F22572 /* CustomImageView.swift */ = {isa = PBXFileReference; lastKnownFileType = sourcecode.swift; path = CustomImageView.swift; sourceTree = "<group>"; };
		FE57A5E021CEEA8B00F22572 /* CustomUIViewTopRounded.swift */ = {isa = PBXFileReference; lastKnownFileType = sourcecode.swift; path = CustomUIViewTopRounded.swift; sourceTree = "<group>"; };
		FE925C1F21D25F200000D66E /* UIViewExtension.swift */ = {isa = PBXFileReference; fileEncoding = 4; lastKnownFileType = sourcecode.swift; path = UIViewExtension.swift; sourceTree = "<group>"; };
		FE9E0AEC21D0057C00B39060 /* CustomUIView.swift */ = {isa = PBXFileReference; lastKnownFileType = sourcecode.swift; path = CustomUIView.swift; sourceTree = "<group>"; };
		FE9E0AEE21D00A4F00B39060 /* GradientView.swift */ = {isa = PBXFileReference; lastKnownFileType = sourcecode.swift; path = GradientView.swift; sourceTree = "<group>"; };
		FE9E0AF021D0230B00B39060 /* AddContactLoader.json */ = {isa = PBXFileReference; fileEncoding = 4; lastKnownFileType = text.json; path = AddContactLoader.json; sourceTree = "<group>"; };
		FE9E0AF221D067EC00B39060 /* NoSearches.json */ = {isa = PBXFileReference; fileEncoding = 4; lastKnownFileType = text.json; path = NoSearches.json; sourceTree = "<group>"; };
		FEA6A3D921C9A1F6006410C7 /* Contacts.app */ = {isa = PBXFileReference; explicitFileType = wrapper.application; includeInIndex = 0; path = Contacts.app; sourceTree = BUILT_PRODUCTS_DIR; };
		FEA6A3DC21C9A1F6006410C7 /* AppDelegate.swift */ = {isa = PBXFileReference; lastKnownFileType = sourcecode.swift; path = AppDelegate.swift; sourceTree = "<group>"; };
		FEA6A3DE21C9A1F6006410C7 /* ContactsVC.swift */ = {isa = PBXFileReference; lastKnownFileType = sourcecode.swift; path = ContactsVC.swift; sourceTree = "<group>"; };
		FEA6A3E121C9A1F6006410C7 /* Base */ = {isa = PBXFileReference; lastKnownFileType = file.storyboard; name = Base; path = Base.lproj/Main.storyboard; sourceTree = "<group>"; };
		FEA6A3E421C9A1F6006410C7 /* Contacts.xcdatamodel */ = {isa = PBXFileReference; lastKnownFileType = wrapper.xcdatamodel; path = Contacts.xcdatamodel; sourceTree = "<group>"; };
		FEA6A3E621C9A1F9006410C7 /* Assets.xcassets */ = {isa = PBXFileReference; lastKnownFileType = folder.assetcatalog; path = Assets.xcassets; sourceTree = "<group>"; };
		FEA6A3E921C9A1F9006410C7 /* Base */ = {isa = PBXFileReference; lastKnownFileType = file.storyboard; name = Base; path = Base.lproj/LaunchScreen.storyboard; sourceTree = "<group>"; };
		FEA6A3EB21C9A1F9006410C7 /* Info.plist */ = {isa = PBXFileReference; lastKnownFileType = text.plist.xml; path = Info.plist; sourceTree = "<group>"; };
		FEA6A3F521C9C4BB006410C7 /* ContactsCell.swift */ = {isa = PBXFileReference; lastKnownFileType = sourcecode.swift; path = ContactsCell.swift; sourceTree = "<group>"; };
		FEA6A3F721CA5BE5006410C7 /* ProfileVC.swift */ = {isa = PBXFileReference; lastKnownFileType = sourcecode.swift; path = ProfileVC.swift; sourceTree = "<group>"; };
		FEA6A3F921CA5F3C006410C7 /* CreateProfileCell.swift */ = {isa = PBXFileReference; lastKnownFileType = sourcecode.swift; path = CreateProfileCell.swift; sourceTree = "<group>"; };
		FEF9882821D11E150095F28A /* SortOrderEnum.swift */ = {isa = PBXFileReference; lastKnownFileType = sourcecode.swift; path = SortOrderEnum.swift; sourceTree = "<group>"; };
		FEF9882A21D11EB40095F28A /* IsFavoriteEnum.swift */ = {isa = PBXFileReference; lastKnownFileType = sourcecode.swift; path = IsFavoriteEnum.swift; sourceTree = "<group>"; };
		FEF9882C21D1BD9A0095F28A /* Star.json */ = {isa = PBXFileReference; fileEncoding = 4; lastKnownFileType = text.json; path = Star.json; sourceTree = "<group>"; };
/* End PBXFileReference section */

/* Begin PBXFrameworksBuildPhase section */
		FEA6A3D621C9A1F5006410C7 /* Frameworks */ = {
			isa = PBXFrameworksBuildPhase;
			buildActionMask = 2147483647;
			files = (
				52DA79C0E3A347B915DB8EEB /* Pods_Contacts.framework in Frameworks */,
			);
			runOnlyForDeploymentPostprocessing = 0;
		};
/* End PBXFrameworksBuildPhase section */

/* Begin PBXGroup section */
		3DDADE8AE968E552C7F8A76E /* Frameworks */ = {
			isa = PBXGroup;
			children = (
				7DA715FC105ED13A55ED854D /* Pods_Contacts.framework */,
			);
			name = Frameworks;
			sourceTree = "<group>";
		};
		E32E1C5CA22556CA83854FCB /* Pods */ = {
			isa = PBXGroup;
			children = (
				DDCDA387B91B9C6963CD66B5 /* Pods-Contacts.debug.xcconfig */,
				31D2E602750EE12B5F71E140 /* Pods-Contacts.release.xcconfig */,
			);
			name = Pods;
			sourceTree = "<group>";
		};
		FE17704321D3FB1700F7F0BE /* Boards */ = {
			isa = PBXGroup;
			children = (
				FE17704421D3FB2C00F7F0BE /* DatePickerBulletinItem.swift */,
				FE17704A21D4036E00F7F0BE /* PhoneTextFieldBulletinItem.swift */,
				FE17704C21D404B100F7F0BE /* EmailTextFieldBulletinItem.swift */,
				FE17704621D3FCFE00F7F0BE /* AddressTextFieldBulletinItem.swift */,
			);
			path = Boards;
			sourceTree = "<group>";
		};
		FE9E0AF421D06B0F00B39060 /* Controllers */ = {
			isa = PBXGroup;
			children = (
				FEA6A3DE21C9A1F6006410C7 /* ContactsVC.swift */,
				FEA6A3F721CA5BE5006410C7 /* ProfileVC.swift */,
			);
			path = Controllers;
			sourceTree = "<group>";
		};
		FE9E0AF521D06B1F00B39060 /* Extensions */ = {
			isa = PBXGroup;
			children = (
				FE925C1F21D25F200000D66E /* UIViewExtension.swift */,
			);
			path = Extensions;
			sourceTree = "<group>";
		};
		FE9E0AF621D06B2D00B39060 /* Enums */ = {
			isa = PBXGroup;
			children = (
				FE57A5DA21CC4F6000F22572 /* ProfileTypeEnum.swift */,
				FEF9882821D11E150095F28A /* SortOrderEnum.swift */,
				FEF9882A21D11EB40095F28A /* IsFavoriteEnum.swift */,
			);
			path = Enums;
			sourceTree = "<group>";
		};
		FE9E0AFA21D06B5C00B39060 /* Cells */ = {
			isa = PBXGroup;
			children = (
				FEA6A3F921CA5F3C006410C7 /* CreateProfileCell.swift */,
				FEA6A3F521C9C4BB006410C7 /* ContactsCell.swift */,
				FE17705021D55D0400F7F0BE /* SectionHeaderView.swift */,
				FE17705121D55D0400F7F0BE /* SectionHeaderView.xib */,
			);
			path = Cells;
			sourceTree = "<group>";
		};
		FE9E0AFB21D06B6500B39060 /* Views */ = {
			isa = PBXGroup;
			children = (
				FE9E0AEC21D0057C00B39060 /* CustomUIView.swift */,
				FE57A5E021CEEA8B00F22572 /* CustomUIViewTopRounded.swift */,
				FE57A5DC21CEE83000F22572 /* CustomButton.swift */,
				FE57A5DE21CEE8A000F22572 /* CustomImageView.swift */,
				FE9E0AEE21D00A4F00B39060 /* GradientView.swift */,
				FE17704E21D48CCF00F7F0BE /* CustomTextField.swift */,
			);
			path = Views;
			sourceTree = "<group>";
		};
		FE9E0AFC21D06B7B00B39060 /* JsonAnimations */ = {
			isa = PBXGroup;
			children = (
				FE9E0AF221D067EC00B39060 /* NoSearches.json */,
				FEF9882C21D1BD9A0095F28A /* Star.json */,
				FE9E0AF021D0230B00B39060 /* AddContactLoader.json */,
			);
			path = JsonAnimations;
			sourceTree = "<group>";
		};
		FEA6A3D021C9A1F5006410C7 = {
			isa = PBXGroup;
			children = (
				FEA6A3DB21C9A1F6006410C7 /* Contacts */,
				FEA6A3DA21C9A1F6006410C7 /* Products */,
				E32E1C5CA22556CA83854FCB /* Pods */,
				3DDADE8AE968E552C7F8A76E /* Frameworks */,
			);
			sourceTree = "<group>";
		};
		FEA6A3DA21C9A1F6006410C7 /* Products */ = {
			isa = PBXGroup;
			children = (
				FEA6A3D921C9A1F6006410C7 /* Contacts.app */,
			);
			name = Products;
			sourceTree = "<group>";
		};
		FEA6A3DB21C9A1F6006410C7 /* Contacts */ = {
			isa = PBXGroup;
			children = (
				FE9E0AFC21D06B7B00B39060 /* JsonAnimations */,
				FE17704321D3FB1700F7F0BE /* Boards */,
				FE9E0AF621D06B2D00B39060 /* Enums */,
				FE9E0AF521D06B1F00B39060 /* Extensions */,
				FE9E0AFB21D06B6500B39060 /* Views */,
				FE9E0AFA21D06B5C00B39060 /* Cells */,
				FE9E0AF421D06B0F00B39060 /* Controllers */,
				FEA6A3E021C9A1F6006410C7 /* Main.storyboard */,
				FEA6A3E621C9A1F9006410C7 /* Assets.xcassets */,
				FEA6A3E821C9A1F9006410C7 /* LaunchScreen.storyboard */,
				FEA6A3DC21C9A1F6006410C7 /* AppDelegate.swift */,
				FEA6A3EB21C9A1F9006410C7 /* Info.plist */,
				FEA6A3E321C9A1F6006410C7 /* Contacts.xcdatamodeld */,
			);
			path = Contacts;
			sourceTree = "<group>";
		};
/* End PBXGroup section */

/* Begin PBXNativeTarget section */
		FEA6A3D821C9A1F5006410C7 /* Contacts */ = {
			isa = PBXNativeTarget;
			buildConfigurationList = FEA6A3EE21C9A1F9006410C7 /* Build configuration list for PBXNativeTarget "Contacts" */;
			buildPhases = (
				20E897D95BE5956882316903 /* [CP] Check Pods Manifest.lock */,
				FEA6A3D521C9A1F5006410C7 /* Sources */,
				FEA6A3D621C9A1F5006410C7 /* Frameworks */,
				FEA6A3D721C9A1F5006410C7 /* Resources */,
				A44EB600634CEF8DDC4171DA /* [CP] Embed Pods Frameworks */,
			);
			buildRules = (
			);
			dependencies = (
			);
			name = Contacts;
			productName = Contacts;
			productReference = FEA6A3D921C9A1F6006410C7 /* Contacts.app */;
			productType = "com.apple.product-type.application";
		};
/* End PBXNativeTarget section */

/* Begin PBXProject section */
		FEA6A3D121C9A1F5006410C7 /* Project object */ = {
			isa = PBXProject;
			attributes = {
				LastSwiftUpdateCheck = 1010;
				LastUpgradeCheck = 1010;
				ORGANIZATIONNAME = "Johnny Perdomo";
				TargetAttributes = {
					FEA6A3D821C9A1F5006410C7 = {
						CreatedOnToolsVersion = 10.1;
					};
				};
			};
			buildConfigurationList = FEA6A3D421C9A1F5006410C7 /* Build configuration list for PBXProject "Contacts" */;
			compatibilityVersion = "Xcode 9.3";
			developmentRegion = en;
			hasScannedForEncodings = 0;
			knownRegions = (
				en,
				Base,
			);
			mainGroup = FEA6A3D021C9A1F5006410C7;
			productRefGroup = FEA6A3DA21C9A1F6006410C7 /* Products */;
			projectDirPath = "";
			projectRoot = "";
			targets = (
				FEA6A3D821C9A1F5006410C7 /* Contacts */,
			);
		};
/* End PBXProject section */

/* Begin PBXResourcesBuildPhase section */
		FEA6A3D721C9A1F5006410C7 /* Resources */ = {
			isa = PBXResourcesBuildPhase;
			buildActionMask = 2147483647;
			files = (
				FEA6A3EA21C9A1F9006410C7 /* LaunchScreen.storyboard in Resources */,
				FEF9882D21D1BD9A0095F28A /* Star.json in Resources */,
				FEA6A3E721C9A1F9006410C7 /* Assets.xcassets in Resources */,
				FEA6A3E221C9A1F6006410C7 /* Main.storyboard in Resources */,
				FE9E0AF321D067EC00B39060 /* NoSearches.json in Resources */,
				FE9E0AF121D0230B00B39060 /* AddContactLoader.json in Resources */,
				FE17705321D55D0400F7F0BE /* SectionHeaderView.xib in Resources */,
			);
			runOnlyForDeploymentPostprocessing = 0;
		};
/* End PBXResourcesBuildPhase section */

/* Begin PBXShellScriptBuildPhase section */
		20E897D95BE5956882316903 /* [CP] Check Pods Manifest.lock */ = {
			isa = PBXShellScriptBuildPhase;
			buildActionMask = 2147483647;
			files = (
			);
			inputPaths = (
				"${PODS_PODFILE_DIR_PATH}/Podfile.lock",
				"${PODS_ROOT}/Manifest.lock",
			);
			name = "[CP] Check Pods Manifest.lock";
			outputPaths = (
				"$(DERIVED_FILE_DIR)/Pods-Contacts-checkManifestLockResult.txt",
			);
			runOnlyForDeploymentPostprocessing = 0;
			shellPath = /bin/sh;
			shellScript = "diff \"${PODS_PODFILE_DIR_PATH}/Podfile.lock\" \"${PODS_ROOT}/Manifest.lock\" > /dev/null\nif [ $? != 0 ] ; then\n    # print error to STDERR\n    echo \"error: The sandbox is not in sync with the Podfile.lock. Run 'pod install' or update your CocoaPods installation.\" >&2\n    exit 1\nfi\n# This output is used by Xcode 'outputs' to avoid re-running this script phase.\necho \"SUCCESS\" > \"${SCRIPT_OUTPUT_FILE_0}\"\n";
			showEnvVarsInLog = 0;
		};
		A44EB600634CEF8DDC4171DA /* [CP] Embed Pods Frameworks */ = {
			isa = PBXShellScriptBuildPhase;
			buildActionMask = 2147483647;
			files = (
			);
			inputPaths = (
				"${SRCROOT}/Pods/Target Support Files/Pods-Contacts/Pods-Contacts-frameworks.sh",
				"${BUILT_PRODUCTS_DIR}/BulletinBoard/BLTNBoard.framework",
				"${BUILT_PRODUCTS_DIR}/SwiftMessages/SwiftMessages.framework",
				"${BUILT_PRODUCTS_DIR}/lottie-ios/Lottie.framework",
			);
			name = "[CP] Embed Pods Frameworks";
			outputPaths = (
				"${TARGET_BUILD_DIR}/${FRAMEWORKS_FOLDER_PATH}/BLTNBoard.framework",
				"${TARGET_BUILD_DIR}/${FRAMEWORKS_FOLDER_PATH}/SwiftMessages.framework",
				"${TARGET_BUILD_DIR}/${FRAMEWORKS_FOLDER_PATH}/Lottie.framework",
			);
			runOnlyForDeploymentPostprocessing = 0;
			shellPath = /bin/sh;
			shellScript = "\"${SRCROOT}/Pods/Target Support Files/Pods-Contacts/Pods-Contacts-frameworks.sh\"\n";
			showEnvVarsInLog = 0;
		};
/* End PBXShellScriptBuildPhase section */

/* Begin PBXSourcesBuildPhase section */
		FEA6A3D521C9A1F5006410C7 /* Sources */ = {
			isa = PBXSourcesBuildPhase;
			buildActionMask = 2147483647;
			files = (
				FE925C2021D25F200000D66E /* UIViewExtension.swift in Sources */,
				FE17704D21D404B100F7F0BE /* EmailTextFieldBulletinItem.swift in Sources */,
				FE17704521D3FB2C00F7F0BE /* DatePickerBulletinItem.swift in Sources */,
				FEA6A3F621C9C4BC006410C7 /* ContactsCell.swift in Sources */,
				FE17705221D55D0400F7F0BE /* SectionHeaderView.swift in Sources */,
				FE17704F21D48CCF00F7F0BE /* CustomTextField.swift in Sources */,
				FE57A5DF21CEE8A000F22572 /* CustomImageView.swift in Sources */,
				FE9E0AEF21D00A4F00B39060 /* GradientView.swift in Sources */,
				FEA6A3DF21C9A1F6006410C7 /* ContactsVC.swift in Sources */,
				FE17704721D3FCFE00F7F0BE /* AddressTextFieldBulletinItem.swift in Sources */,
				FEA6A3F821CA5BE5006410C7 /* ProfileVC.swift in Sources */,
				FE9E0AED21D0057C00B39060 /* CustomUIView.swift in Sources */,
				FEF9882921D11E150095F28A /* SortOrderEnum.swift in Sources */,
				FEA6A3DD21C9A1F6006410C7 /* AppDelegate.swift in Sources */,
				FE57A5DD21CEE83100F22572 /* CustomButton.swift in Sources */,
				FEA6A3E521C9A1F6006410C7 /* Contacts.xcdatamodeld in Sources */,
				FEF9882B21D11EB40095F28A /* IsFavoriteEnum.swift in Sources */,
				FE17704B21D4036E00F7F0BE /* PhoneTextFieldBulletinItem.swift in Sources */,
				FE57A5E121CEEA8B00F22572 /* CustomUIViewTopRounded.swift in Sources */,
				FE57A5DB21CC4F6000F22572 /* ProfileTypeEnum.swift in Sources */,
				FEA6A3FA21CA5F3C006410C7 /* CreateProfileCell.swift in Sources */,
			);
			runOnlyForDeploymentPostprocessing = 0;
		};
/* End PBXSourcesBuildPhase section */

/* Begin PBXVariantGroup section */
		FEA6A3E021C9A1F6006410C7 /* Main.storyboard */ = {
			isa = PBXVariantGroup;
			children = (
				FEA6A3E121C9A1F6006410C7 /* Base */,
			);
			name = Main.storyboard;
			sourceTree = "<group>";
		};
		FEA6A3E821C9A1F9006410C7 /* LaunchScreen.storyboard */ = {
			isa = PBXVariantGroup;
			children = (
				FEA6A3E921C9A1F9006410C7 /* Base */,
			);
			name = LaunchScreen.storyboard;
			sourceTree = "<group>";
		};
/* End PBXVariantGroup section */

/* Begin XCBuildConfiguration section */
		FEA6A3EC21C9A1F9006410C7 /* Debug */ = {
			isa = XCBuildConfiguration;
			buildSettings = {
				ALWAYS_SEARCH_USER_PATHS = NO;
				CLANG_ANALYZER_NONNULL = YES;
				CLANG_ANALYZER_NUMBER_OBJECT_CONVERSION = YES_AGGRESSIVE;
				CLANG_CXX_LANGUAGE_STANDARD = "gnu++14";
				CLANG_CXX_LIBRARY = "libc++";
				CLANG_ENABLE_MODULES = YES;
				CLANG_ENABLE_OBJC_ARC = YES;
				CLANG_ENABLE_OBJC_WEAK = YES;
				CLANG_WARN_BLOCK_CAPTURE_AUTORELEASING = YES;
				CLANG_WARN_BOOL_CONVERSION = YES;
				CLANG_WARN_COMMA = YES;
				CLANG_WARN_CONSTANT_CONVERSION = YES;
				CLANG_WARN_DEPRECATED_OBJC_IMPLEMENTATIONS = YES;
				CLANG_WARN_DIRECT_OBJC_ISA_USAGE = YES_ERROR;
				CLANG_WARN_DOCUMENTATION_COMMENTS = YES;
				CLANG_WARN_EMPTY_BODY = YES;
				CLANG_WARN_ENUM_CONVERSION = YES;
				CLANG_WARN_INFINITE_RECURSION = YES;
				CLANG_WARN_INT_CONVERSION = YES;
				CLANG_WARN_NON_LITERAL_NULL_CONVERSION = YES;
				CLANG_WARN_OBJC_IMPLICIT_RETAIN_SELF = YES;
				CLANG_WARN_OBJC_LITERAL_CONVERSION = YES;
				CLANG_WARN_OBJC_ROOT_CLASS = YES_ERROR;
				CLANG_WARN_RANGE_LOOP_ANALYSIS = YES;
				CLANG_WARN_STRICT_PROTOTYPES = YES;
				CLANG_WARN_SUSPICIOUS_MOVE = YES;
				CLANG_WARN_UNGUARDED_AVAILABILITY = YES_AGGRESSIVE;
				CLANG_WARN_UNREACHABLE_CODE = YES;
				CLANG_WARN__DUPLICATE_METHOD_MATCH = YES;
				CODE_SIGN_IDENTITY = "iPhone Developer";
				COPY_PHASE_STRIP = NO;
				DEBUG_INFORMATION_FORMAT = dwarf;
				ENABLE_STRICT_OBJC_MSGSEND = YES;
				ENABLE_TESTABILITY = YES;
				GCC_C_LANGUAGE_STANDARD = gnu11;
				GCC_DYNAMIC_NO_PIC = NO;
				GCC_NO_COMMON_BLOCKS = YES;
				GCC_OPTIMIZATION_LEVEL = 0;
				GCC_PREPROCESSOR_DEFINITIONS = (
					"DEBUG=1",
					"$(inherited)",
				);
				GCC_WARN_64_TO_32_BIT_CONVERSION = YES;
				GCC_WARN_ABOUT_RETURN_TYPE = YES_ERROR;
				GCC_WARN_UNDECLARED_SELECTOR = YES;
				GCC_WARN_UNINITIALIZED_AUTOS = YES_AGGRESSIVE;
				GCC_WARN_UNUSED_FUNCTION = YES;
				GCC_WARN_UNUSED_VARIABLE = YES;
				IPHONEOS_DEPLOYMENT_TARGET = 12.1;
				MTL_ENABLE_DEBUG_INFO = INCLUDE_SOURCE;
				MTL_FAST_MATH = YES;
				ONLY_ACTIVE_ARCH = YES;
				SDKROOT = iphoneos;
				SWIFT_ACTIVE_COMPILATION_CONDITIONS = DEBUG;
				SWIFT_OPTIMIZATION_LEVEL = "-Onone";
			};
			name = Debug;
		};
		FEA6A3ED21C9A1F9006410C7 /* Release */ = {
			isa = XCBuildConfiguration;
			buildSettings = {
				ALWAYS_SEARCH_USER_PATHS = NO;
				CLANG_ANALYZER_NONNULL = YES;
				CLANG_ANALYZER_NUMBER_OBJECT_CONVERSION = YES_AGGRESSIVE;
				CLANG_CXX_LANGUAGE_STANDARD = "gnu++14";
				CLANG_CXX_LIBRARY = "libc++";
				CLANG_ENABLE_MODULES = YES;
				CLANG_ENABLE_OBJC_ARC = YES;
				CLANG_ENABLE_OBJC_WEAK = YES;
				CLANG_WARN_BLOCK_CAPTURE_AUTORELEASING = YES;
				CLANG_WARN_BOOL_CONVERSION = YES;
				CLANG_WARN_COMMA = YES;
				CLANG_WARN_CONSTANT_CONVERSION = YES;
				CLANG_WARN_DEPRECATED_OBJC_IMPLEMENTATIONS = YES;
				CLANG_WARN_DIRECT_OBJC_ISA_USAGE = YES_ERROR;
				CLANG_WARN_DOCUMENTATION_COMMENTS = YES;
				CLANG_WARN_EMPTY_BODY = YES;
				CLANG_WARN_ENUM_CONVERSION = YES;
				CLANG_WARN_INFINITE_RECURSION = YES;
				CLANG_WARN_INT_CONVERSION = YES;
				CLANG_WARN_NON_LITERAL_NULL_CONVERSION = YES;
				CLANG_WARN_OBJC_IMPLICIT_RETAIN_SELF = YES;
				CLANG_WARN_OBJC_LITERAL_CONVERSION = YES;
				CLANG_WARN_OBJC_ROOT_CLASS = YES_ERROR;
				CLANG_WARN_RANGE_LOOP_ANALYSIS = YES;
				CLANG_WARN_STRICT_PROTOTYPES = YES;
				CLANG_WARN_SUSPICIOUS_MOVE = YES;
				CLANG_WARN_UNGUARDED_AVAILABILITY = YES_AGGRESSIVE;
				CLANG_WARN_UNREACHABLE_CODE = YES;
				CLANG_WARN__DUPLICATE_METHOD_MATCH = YES;
				CODE_SIGN_IDENTITY = "iPhone Developer";
				COPY_PHASE_STRIP = NO;
				DEBUG_INFORMATION_FORMAT = "dwarf-with-dsym";
				ENABLE_NS_ASSERTIONS = NO;
				ENABLE_STRICT_OBJC_MSGSEND = YES;
				GCC_C_LANGUAGE_STANDARD = gnu11;
				GCC_NO_COMMON_BLOCKS = YES;
				GCC_WARN_64_TO_32_BIT_CONVERSION = YES;
				GCC_WARN_ABOUT_RETURN_TYPE = YES_ERROR;
				GCC_WARN_UNDECLARED_SELECTOR = YES;
				GCC_WARN_UNINITIALIZED_AUTOS = YES_AGGRESSIVE;
				GCC_WARN_UNUSED_FUNCTION = YES;
				GCC_WARN_UNUSED_VARIABLE = YES;
				IPHONEOS_DEPLOYMENT_TARGET = 12.1;
				MTL_ENABLE_DEBUG_INFO = NO;
				MTL_FAST_MATH = YES;
				SDKROOT = iphoneos;
				SWIFT_COMPILATION_MODE = wholemodule;
				SWIFT_OPTIMIZATION_LEVEL = "-O";
				VALIDATE_PRODUCT = YES;
			};
			name = Release;
		};
		FEA6A3EF21C9A1F9006410C7 /* Debug */ = {
			isa = XCBuildConfiguration;
			baseConfigurationReference = DDCDA387B91B9C6963CD66B5 /* Pods-Contacts.debug.xcconfig */;
			buildSettings = {
				ASSETCATALOG_COMPILER_APPICON_NAME = AppIcon;
				CODE_SIGN_STYLE = Automatic;
				DEVELOPMENT_TEAM = JX3EAWJE5N;
				INFOPLIST_FILE = Contacts/Info.plist;
				LD_RUNPATH_SEARCH_PATHS = (
					"$(inherited)",
					"@executable_path/Frameworks",
				);
				PRODUCT_BUNDLE_IDENTIFIER = com.johnnyperdomo.Contacts;
				PRODUCT_NAME = "$(TARGET_NAME)";
				SWIFT_VERSION = 4.2;
				TARGETED_DEVICE_FAMILY = 1;
			};
			name = Debug;
		};
		FEA6A3F021C9A1F9006410C7 /* Release */ = {
			isa = XCBuildConfiguration;
			baseConfigurationReference = 31D2E602750EE12B5F71E140 /* Pods-Contacts.release.xcconfig */;
			buildSettings = {
				ASSETCATALOG_COMPILER_APPICON_NAME = AppIcon;
				CODE_SIGN_STYLE = Automatic;
				DEVELOPMENT_TEAM = JX3EAWJE5N;
				INFOPLIST_FILE = Contacts/Info.plist;
				LD_RUNPATH_SEARCH_PATHS = (
					"$(inherited)",
					"@executable_path/Frameworks",
				);
				PRODUCT_BUNDLE_IDENTIFIER = com.johnnyperdomo.Contacts;
				PRODUCT_NAME = "$(TARGET_NAME)";
				SWIFT_VERSION = 4.2;
				TARGETED_DEVICE_FAMILY = 1;
			};
			name = Release;
		};
/* End XCBuildConfiguration section */

/* Begin XCConfigurationList section */
		FEA6A3D421C9A1F5006410C7 /* Build configuration list for PBXProject "Contacts" */ = {
			isa = XCConfigurationList;
			buildConfigurations = (
				FEA6A3EC21C9A1F9006410C7 /* Debug */,
				FEA6A3ED21C9A1F9006410C7 /* Release */,
			);
			defaultConfigurationIsVisible = 0;
			defaultConfigurationName = Release;
		};
		FEA6A3EE21C9A1F9006410C7 /* Build configuration list for PBXNativeTarget "Contacts" */ = {
			isa = XCConfigurationList;
			buildConfigurations = (
				FEA6A3EF21C9A1F9006410C7 /* Debug */,
				FEA6A3F021C9A1F9006410C7 /* Release */,
			);
			defaultConfigurationIsVisible = 0;
			defaultConfigurationName = Release;
		};
/* End XCConfigurationList section */

/* Begin XCVersionGroup section */
		FEA6A3E321C9A1F6006410C7 /* Contacts.xcdatamodeld */ = {
			isa = XCVersionGroup;
			children = (
				FEA6A3E421C9A1F6006410C7 /* Contacts.xcdatamodel */,
			);
			currentVersion = FEA6A3E421C9A1F6006410C7 /* Contacts.xcdatamodel */;
			path = Contacts.xcdatamodeld;
			sourceTree = "<group>";
			versionGroupType = wrapper.xcdatamodel;
		};
/* End XCVersionGroup section */
	};
	rootObject = FEA6A3D121C9A1F5006410C7 /* Project object */;
}
